
Microsoft Visual Studio Solution File, Format Version 12.00
# Visual Studio 15
VisualStudioVersion = 15.0.28010.2046
MinimumVisualStudioVersion = 10.0.40219.1
Project("{FAE04EC0-301F-11D3-BF4B-00C04F79EFBC}") = "Task2.1", "Task2.1\Task2.1.csproj", "{BBC5078B-80AF-4279-B320-57076C1F46C5}"
EndProject
Project("{FAE04EC0-301F-11D3-BF4B-00C04F79EFBC}") = "Task2.2", "Task2.2\Task2.2.csproj", "{8FFB9C4B-3DC6-4B96-8777-0FEEB44BBDED}"
EndProject
Project("{FAE04EC0-301F-11D3-BF4B-00C04F79EFBC}") = "Task2.3", "Task2.3\Task2.3.csproj", "{AA2E0BFD-92C7-40DB-AF8F-07E1C84C8541}"
EndProject
Project("{FAE04EC0-301F-11D3-BF4B-00C04F79EFBC}") = "Task2.4", "Task2.4\Task2.4.csproj", "{EA178519-7B89-4888-ABE3-45D2D85203F1}"
EndProject
Project("{FAE04EC0-301F-11D3-BF4B-00C04F79EFBC}") = "Task2.5", "Task2.5\Task2.5.csproj", "{27A3CC4F-8FB9-46A4-8F4F-9E82319B1849}"
EndProject
Project("{FAE04EC0-301F-11D3-BF4B-00C04F79EFBC}") = "Task2.6", "Task2.6\Task2.6.csproj", "{D49E7C4A-217E-4847-A53E-C173A5EFF5E0}"
EndProject
Project("{FAE04EC0-301F-11D3-BF4B-00C04F79EFBC}") = "Task2.7", "Task2.7\Task2.7.csproj", "{B49C6344-DF74-4133-B6CA-92BCB5910368}"
EndProject
Project("{FAE04EC0-301F-11D3-BF4B-00C04F79EFBC}") = "Task2.8", "Task2.8\Task2.8.csproj", "{4A7A852B-BFEB-4225-AC84-99D2BA7099A5}"
EndProject
Project("{FAE04EC0-301F-11D3-BF4B-00C04F79EFBC}") = "Task2.9", "Task2.9\Task2.9.csproj", "{B480E79C-D853-4B4B-9EE1-B8A4D88117DB}"
EndProject
Project("{FAE04EC0-301F-11D3-BF4B-00C04F79EFBC}") = "Task2.10", "Task2.10\Task2.10.csproj", "{F50DC3A5-B02D-474C-9803-173E85987683}"
EndProject
Project("{FAE04EC0-301F-11D3-BF4B-00C04F79EFBC}") = "Task2.11", "Task2.11\Task2.11.csproj", "{308BB5E4-B4B9-4F08-9308-7CF14EC47FB5}"
EndProject
Project("{FAE04EC0-301F-11D3-BF4B-00C04F79EFBC}") = "Task2.12", "Task2.12\Task2.12.csproj", "{9D2F8E27-7DF5-4E50-9169-0D57D456A61E}"
EndProject
Project("{FAE04EC0-301F-11D3-BF4B-00C04F79EFBC}") = "Task1.13", "Task1.13\Task1.13.csproj", "{D29B8DDC-F645-4187-BBF6-3F87CD262443}"
EndProject
Global
	GlobalSection(SolutionConfigurationPlatforms) = preSolution
		Debug|Any CPU = Debug|Any CPU
		Release|Any CPU = Release|Any CPU
	EndGlobalSection
	GlobalSection(ProjectConfigurationPlatforms) = postSolution
		{BBC5078B-80AF-4279-B320-57076C1F46C5}.Debug|Any CPU.ActiveCfg = Debug|Any CPU
		{BBC5078B-80AF-4279-B320-57076C1F46C5}.Debug|Any CPU.Build.0 = Debug|Any CPU
		{BBC5078B-80AF-4279-B320-57076C1F46C5}.Release|Any CPU.ActiveCfg = Release|Any CPU
		{BBC5078B-80AF-4279-B320-57076C1F46C5}.Release|Any CPU.Build.0 = Release|Any CPU
		{8FFB9C4B-3DC6-4B96-8777-0FEEB44BBDED}.Debug|Any CPU.ActiveCfg = Debug|Any CPU
		{8FFB9C4B-3DC6-4B96-8777-0FEEB44BBDED}.Debug|Any CPU.Build.0 = Debug|Any CPU
		{8FFB9C4B-3DC6-4B96-8777-0FEEB44BBDED}.Release|Any CPU.ActiveCfg = Release|Any CPU
		{8FFB9C4B-3DC6-4B96-8777-0FEEB44BBDED}.Release|Any CPU.Build.0 = Release|Any CPU
		{AA2E0BFD-92C7-40DB-AF8F-07E1C84C8541}.Debug|Any CPU.ActiveCfg = Debug|Any CPU
		{AA2E0BFD-92C7-40DB-AF8F-07E1C84C8541}.Debug|Any CPU.Build.0 = Debug|Any CPU
		{AA2E0BFD-92C7-40DB-AF8F-07E1C84C8541}.Release|Any CPU.ActiveCfg = Release|Any CPU
		{AA2E0BFD-92C7-40DB-AF8F-07E1C84C8541}.Release|Any CPU.Build.0 = Release|Any CPU
		{EA178519-7B89-4888-ABE3-45D2D85203F1}.Debug|Any CPU.ActiveCfg = Debug|Any CPU
		{EA178519-7B89-4888-ABE3-45D2D85203F1}.Debug|Any CPU.Build.0 = Debug|Any CPU
		{EA178519-7B89-4888-ABE3-45D2D85203F1}.Release|Any CPU.ActiveCfg = Release|Any CPU
		{EA178519-7B89-4888-ABE3-45D2D85203F1}.Release|Any CPU.Build.0 = Release|Any CPU
		{27A3CC4F-8FB9-46A4-8F4F-9E82319B1849}.Debug|Any CPU.ActiveCfg = Debug|Any CPU
		{27A3CC4F-8FB9-46A4-8F4F-9E82319B1849}.Debug|Any CPU.Build.0 = Debug|Any CPU
		{27A3CC4F-8FB9-46A4-8F4F-9E82319B1849}.Release|Any CPU.ActiveCfg = Release|Any CPU
		{27A3CC4F-8FB9-46A4-8F4F-9E82319B1849}.Release|Any CPU.Build.0 = Release|Any CPU
		{D49E7C4A-217E-4847-A53E-C173A5EFF5E0}.Debug|Any CPU.ActiveCfg = Debug|Any CPU
		{D49E7C4A-217E-4847-A53E-C173A5EFF5E0}.Debug|Any CPU.Build.0 = Debug|Any CPU
		{D49E7C4A-217E-4847-A53E-C173A5EFF5E0}.Release|Any CPU.ActiveCfg = Release|Any CPU
		{D49E7C4A-217E-4847-A53E-C173A5EFF5E0}.Release|Any CPU.Build.0 = Release|Any CPU
		{B49C6344-DF74-4133-B6CA-92BCB5910368}.Debug|Any CPU.ActiveCfg = Debug|Any CPU
		{B49C6344-DF74-4133-B6CA-92BCB5910368}.Debug|Any CPU.Build.0 = Debug|Any CPU
		{B49C6344-DF74-4133-B6CA-92BCB5910368}.Release|Any CPU.ActiveCfg = Release|Any CPU
		{B49C6344-DF74-4133-B6CA-92BCB5910368}.Release|Any CPU.Build.0 = Release|Any CPU
		{4A7A852B-BFEB-4225-AC84-99D2BA7099A5}.Debug|Any CPU.ActiveCfg = Debug|Any CPU
		{4A7A852B-BFEB-4225-AC84-99D2BA7099A5}.Debug|Any CPU.Build.0 = Debug|Any CPU
		{4A7A852B-BFEB-4225-AC84-99D2BA7099A5}.Release|Any CPU.ActiveCfg = Release|Any CPU
		{4A7A852B-BFEB-4225-AC84-99D2BA7099A5}.Release|Any CPU.Build.0 = Release|Any CPU
		{B480E79C-D853-4B4B-9EE1-B8A4D88117DB}.Debug|Any CPU.ActiveCfg = Debug|Any CPU
		{B480E79C-D853-4B4B-9EE1-B8A4D88117DB}.Debug|Any CPU.Build.0 = Debug|Any CPU
		{B480E79C-D853-4B4B-9EE1-B8A4D88117DB}.Release|Any CPU.ActiveCfg = Release|Any CPU
		{B480E79C-D853-4B4B-9EE1-B8A4D88117DB}.Release|Any CPU.Build.0 = Release|Any CPU
		{F50DC3A5-B02D-474C-9803-173E85987683}.Debug|Any CPU.ActiveCfg = Debug|Any CPU
		{F50DC3A5-B02D-474C-9803-173E85987683}.Debug|Any CPU.Build.0 = Debug|Any CPU
		{F50DC3A5-B02D-474C-9803-173E85987683}.Release|Any CPU.ActiveCfg = Release|Any CPU
		{F50DC3A5-B02D-474C-9803-173E85987683}.Release|Any CPU.Build.0 = Release|Any CPU
		{308BB5E4-B4B9-4F08-9308-7CF14EC47FB5}.Debug|Any CPU.ActiveCfg = Debug|Any CPU
		{308BB5E4-B4B9-4F08-9308-7CF14EC47FB5}.Debug|Any CPU.Build.0 = Debug|Any CPU
		{308BB5E4-B4B9-4F08-9308-7CF14EC47FB5}.Release|Any CPU.ActiveCfg = Release|Any CPU
		{308BB5E4-B4B9-4F08-9308-7CF14EC47FB5}.Release|Any CPU.Build.0 = Release|Any CPU
		{9D2F8E27-7DF5-4E50-9169-0D57D456A61E}.Debug|Any CPU.ActiveCfg = Debug|Any CPU
		{9D2F8E27-7DF5-4E50-9169-0D57D456A61E}.Debug|Any CPU.Build.0 = Debug|Any CPU
		{9D2F8E27-7DF5-4E50-9169-0D57D456A61E}.Release|Any CPU.ActiveCfg = Release|Any CPU
		{9D2F8E27-7DF5-4E50-9169-0D57D456A61E}.Release|Any CPU.Build.0 = Release|Any CPU
		{D29B8DDC-F645-4187-BBF6-3F87CD262443}.Debug|Any CPU.ActiveCfg = Debug|Any CPU
		{D29B8DDC-F645-4187-BBF6-3F87CD262443}.Debug|Any CPU.Build.0 = Debug|Any CPU
		{D29B8DDC-F645-4187-BBF6-3F87CD262443}.Release|Any CPU.ActiveCfg = Release|Any CPU
		{D29B8DDC-F645-4187-BBF6-3F87CD262443}.Release|Any CPU.Build.0 = Release|Any CPU
	EndGlobalSection
	GlobalSection(SolutionProperties) = preSolution
		HideSolutionNode = FALSE
	EndGlobalSection
	GlobalSection(ExtensibilityGlobals) = postSolution
		SolutionGuid = {FB9A9250-AD3A-4A9F-B0D0-B3F1E094A676}
	EndGlobalSection
EndGlobal
